
Microsoft Visual Studio Solution File, Format Version 12.00
# Visual Studio Version 16
VisualStudioVersion = 16.0.30907.101
MinimumVisualStudioVersion = 10.0.40219.1
Project("{FAE04EC0-301F-11D3-BF4B-00C04F79EFBC}") = "Minesweeper.Service", "Minesweeper.Service\Minesweeper.Service.csproj", "{D526DA47-8C83-4EB0-A9DF-7899915FE904}"
EndProject
Project("{9A19103F-16F7-4668-BE54-9A1E7A4F7556}") = "Minesweeper.Server", "Minesweeper.Server\Minesweeper.Server.csproj", "{EBED304E-E84E-43F4-84E4-FA3C8B289230}"
EndProject
Project("{9A19103F-16F7-4668-BE54-9A1E7A4F7556}") = "Minesweeper.Common", "Minesweeper.Common\Minesweeper.Common.csproj", "{77DB98EE-1E05-4BE3-B35B-2F361612B8A0}"
EndProject
Project("{54435603-DBB4-11D2-8724-00A0C9A8B90C}") = "Minesweeper.Installer", "Minesweeper.Installer\Minesweeper.Installer.vdproj", "{6AF2FE89-81B1-4111-8B48-4CBE2A449036}"
EndProject
Project("{9A19103F-16F7-4668-BE54-9A1E7A4F7556}") = "Minesweeper.Portable", "Minesweeper.Portable\Minesweeper.Portable.csproj", "{7ACFA3D2-D7FE-411D-8178-93DA2D6E1E55}"
EndProject
Project("{FAE04EC0-301F-11D3-BF4B-00C04F79EFBC}") = "Minesweeper.Client.UI", "Minesweeper.Client.UI\Minesweeper.Client.UI.csproj", "{18F75822-5E7F-484E-8B71-F97B8928C551}"
EndProject
Project("{FAE04EC0-301F-11D3-BF4B-00C04F79EFBC}") = "Minesweeper.Client.Logic", "..\Minesweeper.Client.Logic\Minesweeper.Client.Logic.csproj", "{ECE2832C-9B17-404F-B532-316AB76DB88E}"
EndProject
Global
	GlobalSection(SolutionConfigurationPlatforms) = preSolution
		Debug|Any CPU = Debug|Any CPU
		Release|Any CPU = Release|Any CPU
	EndGlobalSection
	GlobalSection(ProjectConfigurationPlatforms) = postSolution
		{D526DA47-8C83-4EB0-A9DF-7899915FE904}.Debug|Any CPU.ActiveCfg = Debug|Any CPU
		{D526DA47-8C83-4EB0-A9DF-7899915FE904}.Debug|Any CPU.Build.0 = Debug|Any CPU
		{D526DA47-8C83-4EB0-A9DF-7899915FE904}.Release|Any CPU.ActiveCfg = Release|Any CPU
		{D526DA47-8C83-4EB0-A9DF-7899915FE904}.Release|Any CPU.Build.0 = Release|Any CPU
		{EBED304E-E84E-43F4-84E4-FA3C8B289230}.Debug|Any CPU.ActiveCfg = Debug|Any CPU
		{EBED304E-E84E-43F4-84E4-FA3C8B289230}.Debug|Any CPU.Build.0 = Debug|Any CPU
		{EBED304E-E84E-43F4-84E4-FA3C8B289230}.Release|Any CPU.ActiveCfg = Release|Any CPU
		{EBED304E-E84E-43F4-84E4-FA3C8B289230}.Release|Any CPU.Build.0 = Release|Any CPU
		{77DB98EE-1E05-4BE3-B35B-2F361612B8A0}.Debug|Any CPU.ActiveCfg = Debug|Any CPU
		{77DB98EE-1E05-4BE3-B35B-2F361612B8A0}.Debug|Any CPU.Build.0 = Debug|Any CPU
		{77DB98EE-1E05-4BE3-B35B-2F361612B8A0}.Release|Any CPU.ActiveCfg = Release|Any CPU
		{77DB98EE-1E05-4BE3-B35B-2F361612B8A0}.Release|Any CPU.Build.0 = Release|Any CPU
		{6AF2FE89-81B1-4111-8B48-4CBE2A449036}.Debug|Any CPU.ActiveCfg = Debug
		{6AF2FE89-81B1-4111-8B48-4CBE2A449036}.Release|Any CPU.ActiveCfg = Release
		{7ACFA3D2-D7FE-411D-8178-93DA2D6E1E55}.Debug|Any CPU.ActiveCfg = Debug|Any CPU
		{7ACFA3D2-D7FE-411D-8178-93DA2D6E1E55}.Debug|Any CPU.Build.0 = Debug|Any CPU
		{7ACFA3D2-D7FE-411D-8178-93DA2D6E1E55}.Release|Any CPU.ActiveCfg = Release|Any CPU
		{7ACFA3D2-D7FE-411D-8178-93DA2D6E1E55}.Release|Any CPU.Build.0 = Release|Any CPU
		{18F75822-5E7F-484E-8B71-F97B8928C551}.Debug|Any CPU.ActiveCfg = Debug|Any CPU
		{18F75822-5E7F-484E-8B71-F97B8928C551}.Debug|Any CPU.Build.0 = Debug|Any CPU
		{18F75822-5E7F-484E-8B71-F97B8928C551}.Release|Any CPU.ActiveCfg = Release|Any CPU
		{18F75822-5E7F-484E-8B71-F97B8928C551}.Release|Any CPU.Build.0 = Release|Any CPU
		{ECE2832C-9B17-404F-B532-316AB76DB88E}.Debug|Any CPU.ActiveCfg = Debug|Any CPU
		{ECE2832C-9B17-404F-B532-316AB76DB88E}.Debug|Any CPU.Build.0 = Debug|Any CPU
		{ECE2832C-9B17-404F-B532-316AB76DB88E}.Release|Any CPU.ActiveCfg = Release|Any CPU
		{ECE2832C-9B17-404F-B532-316AB76DB88E}.Release|Any CPU.Build.0 = Release|Any CPU
	EndGlobalSection
	GlobalSection(SolutionProperties) = preSolution
		HideSolutionNode = FALSE
	EndGlobalSection
	GlobalSection(ExtensibilityGlobals) = postSolution
		SolutionGuid = {A7DBD691-13F0-428B-89A9-C17BA22AB657}
	EndGlobalSection
EndGlobal
