
Microsoft Visual Studio Solution File, Format Version 12.00
# Visual Studio Version 16
VisualStudioVersion = 16.0.30907.101
MinimumVisualStudioVersion = 10.0.40219.1
Project("{FAE04EC0-301F-11D3-BF4B-00C04F79EFBC}") = "Minesweeper.Service", "Minesweeper.Service\Minesweeper.Service.csproj", "{D526DA47-8C83-4EB0-A9DF-7899915FE904}"
EndProject
Project("{FAE04EC0-301F-11D3-BF4B-00C04F79EFBC}") = "Minesweeper.Server", "Minesweeper.Server\Minesweeper.Server.csproj", "{EBED304E-E84E-43F4-84E4-FA3C8B289230}"
EndProject
Project("{FAE04EC0-301F-11D3-BF4B-00C04F79EFBC}") = "Minesweeper.Common", "Minesweeper.Common\Minesweeper.Common.csproj", "{77DB98EE-1E05-4BE3-B35B-2F361612B8A0}"
EndProject
Global
	GlobalSection(SolutionConfigurationPlatforms) = preSolution
		Debug|Any CPU = Debug|Any CPU
		Release|Any CPU = Release|Any CPU
	EndGlobalSection
	GlobalSection(ProjectConfigurationPlatforms) = postSolution
		{D526DA47-8C83-4EB0-A9DF-7899915FE904}.Debug|Any CPU.ActiveCfg = Debug|Any CPU
		{D526DA47-8C83-4EB0-A9DF-7899915FE904}.Debug|Any CPU.Build.0 = Debug|Any CPU
		{D526DA47-8C83-4EB0-A9DF-7899915FE904}.Release|Any CPU.ActiveCfg = Release|Any CPU
		{D526DA47-8C83-4EB0-A9DF-7899915FE904}.Release|Any CPU.Build.0 = Release|Any CPU
		{EBED304E-E84E-43F4-84E4-FA3C8B289230}.Debug|Any CPU.ActiveCfg = Debug|Any CPU
		{EBED304E-E84E-43F4-84E4-FA3C8B289230}.Debug|Any CPU.Build.0 = Debug|Any CPU
		{EBED304E-E84E-43F4-84E4-FA3C8B289230}.Release|Any CPU.ActiveCfg = Release|Any CPU
		{EBED304E-E84E-43F4-84E4-FA3C8B289230}.Release|Any CPU.Build.0 = Release|Any CPU
		{77DB98EE-1E05-4BE3-B35B-2F361612B8A0}.Debug|Any CPU.ActiveCfg = Debug|Any CPU
		{77DB98EE-1E05-4BE3-B35B-2F361612B8A0}.Debug|Any CPU.Build.0 = Debug|Any CPU
		{77DB98EE-1E05-4BE3-B35B-2F361612B8A0}.Release|Any CPU.ActiveCfg = Release|Any CPU
		{77DB98EE-1E05-4BE3-B35B-2F361612B8A0}.Release|Any CPU.Build.0 = Release|Any CPU
	EndGlobalSection
	GlobalSection(SolutionProperties) = preSolution
		HideSolutionNode = FALSE
	EndGlobalSection
	GlobalSection(ExtensibilityGlobals) = postSolution
		SolutionGuid = {A7DBD691-13F0-428B-89A9-C17BA22AB657}
	EndGlobalSection
EndGlobal
